// !$*UTF8*$!
{
	archiveVersion = 1;
	classes = {
	};
	objectVersion = 56;
	objects = {

/* Begin PBXBuildFile section */
		1B0BB1EA2A704F7600F17F93 /* ForecastData+CoreDataClass.swift in Sources */ = {isa = PBXBuildFile; fileRef = 1B0BB1E42A704F7600F17F93 /* ForecastData+CoreDataClass.swift */; };
		1B0BB1EB2A704F7600F17F93 /* ForecastData+CoreDataProperties.swift in Sources */ = {isa = PBXBuildFile; fileRef = 1B0BB1E52A704F7600F17F93 /* ForecastData+CoreDataProperties.swift */; };
		1B0BB1EC2A704F7600F17F93 /* LocationList+CoreDataClass.swift in Sources */ = {isa = PBXBuildFile; fileRef = 1B0BB1E62A704F7600F17F93 /* LocationList+CoreDataClass.swift */; };
		1B0BB1ED2A704F7600F17F93 /* LocationList+CoreDataProperties.swift in Sources */ = {isa = PBXBuildFile; fileRef = 1B0BB1E72A704F7600F17F93 /* LocationList+CoreDataProperties.swift */; };
		1B49CE0E2A6E789200B6403D /* CoreDataManager.swift in Sources */ = {isa = PBXBuildFile; fileRef = 1B49CE0D2A6E789200B6403D /* CoreDataManager.swift */; };
		1B59D6452A686798005DFECC /* Constant.swift in Sources */ = {isa = PBXBuildFile; fileRef = 1B59D6442A686798005DFECC /* Constant.swift */; };
		1B59D6472A68683D005DFECC /* APIManager.swift in Sources */ = {isa = PBXBuildFile; fileRef = 1B59D6462A68683D005DFECC /* APIManager.swift */; };
		1B59D64C2A686953005DFECC /* WeatherData.swift in Sources */ = {isa = PBXBuildFile; fileRef = 1B59D64B2A686953005DFECC /* WeatherData.swift */; };
		1B59D64E2A68697E005DFECC /* CurrentWeatherViewModel.swift in Sources */ = {isa = PBXBuildFile; fileRef = 1B59D64D2A68697E005DFECC /* CurrentWeatherViewModel.swift */; };
		1B6DAA7B2A6FE1E4005AB5F8 /* NetworkManager.swift in Sources */ = {isa = PBXBuildFile; fileRef = 1B6DAA7A2A6FE1E4005AB5F8 /* NetworkManager.swift */; };
		1B6E0F8E2A693BD200F8E3F6 /* LocationManager.swift in Sources */ = {isa = PBXBuildFile; fileRef = 1B6E0F8D2A693BD200F8E3F6 /* LocationManager.swift */; };
		1B6E0F902A69529900F8E3F6 /* ForecastWeatherData.swift in Sources */ = {isa = PBXBuildFile; fileRef = 1B6E0F8F2A69529900F8E3F6 /* ForecastWeatherData.swift */; };
		1B6E0F922A69581400F8E3F6 /* ForecastWeatherViewModel.swift in Sources */ = {isa = PBXBuildFile; fileRef = 1B6E0F912A69581400F8E3F6 /* ForecastWeatherViewModel.swift */; };
		1B6E0F942A69593F00F8E3F6 /* Enumerations.swift in Sources */ = {isa = PBXBuildFile; fileRef = 1B6E0F932A69593F00F8E3F6 /* Enumerations.swift */; };
		1B6E0F962A696BC500F8E3F6 /* Helper.swift in Sources */ = {isa = PBXBuildFile; fileRef = 1B6E0F952A696BC500F8E3F6 /* Helper.swift */; };
		1B7941DA2A668323003BC0F3 /* AppDelegate.swift in Sources */ = {isa = PBXBuildFile; fileRef = 1B7941D92A668323003BC0F3 /* AppDelegate.swift */; };
		1B7941DC2A668323003BC0F3 /* SceneDelegate.swift in Sources */ = {isa = PBXBuildFile; fileRef = 1B7941DB2A668323003BC0F3 /* SceneDelegate.swift */; };
		1B7941DE2A668323003BC0F3 /* WeatherViewController.swift in Sources */ = {isa = PBXBuildFile; fileRef = 1B7941DD2A668323003BC0F3 /* WeatherViewController.swift */; };
		1B7941E12A668323003BC0F3 /* Main.storyboard in Resources */ = {isa = PBXBuildFile; fileRef = 1B7941DF2A668323003BC0F3 /* Main.storyboard */; };
		1B7941E42A668323003BC0F3 /* WeatherApp.xcdatamodeld in Sources */ = {isa = PBXBuildFile; fileRef = 1B7941E22A668323003BC0F3 /* WeatherApp.xcdatamodeld */; };
		1B7941E62A668325003BC0F3 /* Assets.xcassets in Resources */ = {isa = PBXBuildFile; fileRef = 1B7941E52A668325003BC0F3 /* Assets.xcassets */; };
		1B7941E92A668325003BC0F3 /* LaunchScreen.storyboard in Resources */ = {isa = PBXBuildFile; fileRef = 1B7941E72A668325003BC0F3 /* LaunchScreen.storyboard */; };
		1B7941F42A668325003BC0F3 /* WeatherAppTests.swift in Sources */ = {isa = PBXBuildFile; fileRef = 1B7941F32A668325003BC0F3 /* WeatherAppTests.swift */; };
		1B7941FE2A668325003BC0F3 /* WeatherAppUITests.swift in Sources */ = {isa = PBXBuildFile; fileRef = 1B7941FD2A668325003BC0F3 /* WeatherAppUITests.swift */; };
		1B7942002A668325003BC0F3 /* WeatherAppUITestsLaunchTests.swift in Sources */ = {isa = PBXBuildFile; fileRef = 1B7941FF2A668325003BC0F3 /* WeatherAppUITestsLaunchTests.swift */; };
		1B79420E2A66914A003BC0F3 /* WeatherTablecell.swift in Sources */ = {isa = PBXBuildFile; fileRef = 1B79420C2A66914A003BC0F3 /* WeatherTablecell.swift */; };
		1B79420F2A66914A003BC0F3 /* WeatherTablecell.xib in Resources */ = {isa = PBXBuildFile; fileRef = 1B79420D2A66914A003BC0F3 /* WeatherTablecell.xib */; };
		1B93E1482A7019D00070F73F /* LocationWind+CoreDataClass.swift in Sources */ = {isa = PBXBuildFile; fileRef = 1B93E1342A7019D00070F73F /* LocationWind+CoreDataClass.swift */; };
		1B93E1492A7019D00070F73F /* LocationWind+CoreDataProperties.swift in Sources */ = {isa = PBXBuildFile; fileRef = 1B93E1352A7019D00070F73F /* LocationWind+CoreDataProperties.swift */; };
		1B93E14A2A7019D00070F73F /* LocationWeather+CoreDataClass.swift in Sources */ = {isa = PBXBuildFile; fileRef = 1B93E1362A7019D00070F73F /* LocationWeather+CoreDataClass.swift */; };
		1B93E14B2A7019D00070F73F /* LocationWeather+CoreDataProperties.swift in Sources */ = {isa = PBXBuildFile; fileRef = 1B93E1372A7019D00070F73F /* LocationWeather+CoreDataProperties.swift */; };
		1B93E14C2A7019D00070F73F /* CurrentWeatherData+CoreDataClass.swift in Sources */ = {isa = PBXBuildFile; fileRef = 1B93E1382A7019D00070F73F /* CurrentWeatherData+CoreDataClass.swift */; };
		1B93E14D2A7019D00070F73F /* CurrentWeatherData+CoreDataProperties.swift in Sources */ = {isa = PBXBuildFile; fileRef = 1B93E1392A7019D00070F73F /* CurrentWeatherData+CoreDataProperties.swift */; };
		1B93E14E2A7019D00070F73F /* LocationCoordinates+CoreDataClass.swift in Sources */ = {isa = PBXBuildFile; fileRef = 1B93E13A2A7019D00070F73F /* LocationCoordinates+CoreDataClass.swift */; };
		1B93E14F2A7019D00070F73F /* LocationCoordinates+CoreDataProperties.swift in Sources */ = {isa = PBXBuildFile; fileRef = 1B93E13B2A7019D00070F73F /* LocationCoordinates+CoreDataProperties.swift */; };
		1B93E1542A7019D00070F73F /* LocationMain+CoreDataClass.swift in Sources */ = {isa = PBXBuildFile; fileRef = 1B93E1402A7019D00070F73F /* LocationMain+CoreDataClass.swift */; };
		1B93E1552A7019D00070F73F /* LocationMain+CoreDataProperties.swift in Sources */ = {isa = PBXBuildFile; fileRef = 1B93E1412A7019D00070F73F /* LocationMain+CoreDataProperties.swift */; };
		1B93E1562A7019D00070F73F /* LocationSystem+CoreDataClass.swift in Sources */ = {isa = PBXBuildFile; fileRef = 1B93E1422A7019D00070F73F /* LocationSystem+CoreDataClass.swift */; };
		1B93E1572A7019D00070F73F /* LocationSystem+CoreDataProperties.swift in Sources */ = {isa = PBXBuildFile; fileRef = 1B93E1432A7019D00070F73F /* LocationSystem+CoreDataProperties.swift */; };
		1B93E15A2A7019D00070F73F /* LocationClouds+CoreDataClass.swift in Sources */ = {isa = PBXBuildFile; fileRef = 1B93E1462A7019D00070F73F /* LocationClouds+CoreDataClass.swift */; };
		1B93E15B2A7019D00070F73F /* LocationClouds+CoreDataProperties.swift in Sources */ = {isa = PBXBuildFile; fileRef = 1B93E1472A7019D00070F73F /* LocationClouds+CoreDataProperties.swift */; };
		1BD35CDB2A70FF1900D883C4 /* ForecastedWeather+CoreDataClass.swift in Sources */ = {isa = PBXBuildFile; fileRef = 1BD35CD92A70FF1900D883C4 /* ForecastedWeather+CoreDataClass.swift */; };
		1BD35CDC2A70FF1900D883C4 /* ForecastedWeather+CoreDataProperties.swift in Sources */ = {isa = PBXBuildFile; fileRef = 1BD35CDA2A70FF1900D883C4 /* ForecastedWeather+CoreDataProperties.swift */; };
/* End PBXBuildFile section */

/* Begin PBXContainerItemProxy section */
		1B7941F02A668325003BC0F3 /* PBXContainerItemProxy */ = {
			isa = PBXContainerItemProxy;
			containerPortal = 1B7941CE2A668323003BC0F3 /* Project object */;
			proxyType = 1;
			remoteGlobalIDString = 1B7941D52A668323003BC0F3;
			remoteInfo = WeatherApp;
		};
		1B7941FA2A668325003BC0F3 /* PBXContainerItemProxy */ = {
			isa = PBXContainerItemProxy;
			containerPortal = 1B7941CE2A668323003BC0F3 /* Project object */;
			proxyType = 1;
			remoteGlobalIDString = 1B7941D52A668323003BC0F3;
			remoteInfo = WeatherApp;
		};
/* End PBXContainerItemProxy section */

/* Begin PBXFileReference section */
		1B0BB1E42A704F7600F17F93 /* ForecastData+CoreDataClass.swift */ = {isa = PBXFileReference; lastKnownFileType = sourcecode.swift; path = "ForecastData+CoreDataClass.swift"; sourceTree = "<group>"; };
		1B0BB1E52A704F7600F17F93 /* ForecastData+CoreDataProperties.swift */ = {isa = PBXFileReference; lastKnownFileType = sourcecode.swift; path = "ForecastData+CoreDataProperties.swift"; sourceTree = "<group>"; };
		1B0BB1E62A704F7600F17F93 /* LocationList+CoreDataClass.swift */ = {isa = PBXFileReference; lastKnownFileType = sourcecode.swift; path = "LocationList+CoreDataClass.swift"; sourceTree = "<group>"; };
		1B0BB1E72A704F7600F17F93 /* LocationList+CoreDataProperties.swift */ = {isa = PBXFileReference; lastKnownFileType = sourcecode.swift; path = "LocationList+CoreDataProperties.swift"; sourceTree = "<group>"; };
		1B49CE0D2A6E789200B6403D /* CoreDataManager.swift */ = {isa = PBXFileReference; lastKnownFileType = sourcecode.swift; path = CoreDataManager.swift; sourceTree = "<group>"; };
		1B59D6442A686798005DFECC /* Constant.swift */ = {isa = PBXFileReference; lastKnownFileType = sourcecode.swift; path = Constant.swift; sourceTree = "<group>"; };
		1B59D6462A68683D005DFECC /* APIManager.swift */ = {isa = PBXFileReference; lastKnownFileType = sourcecode.swift; path = APIManager.swift; sourceTree = "<group>"; };
		1B59D64B2A686953005DFECC /* WeatherData.swift */ = {isa = PBXFileReference; lastKnownFileType = sourcecode.swift; path = WeatherData.swift; sourceTree = "<group>"; };
		1B59D64D2A68697E005DFECC /* CurrentWeatherViewModel.swift */ = {isa = PBXFileReference; lastKnownFileType = sourcecode.swift; path = CurrentWeatherViewModel.swift; sourceTree = "<group>"; };
		1B6DAA7A2A6FE1E4005AB5F8 /* NetworkManager.swift */ = {isa = PBXFileReference; lastKnownFileType = sourcecode.swift; path = NetworkManager.swift; sourceTree = "<group>"; };
		1B6E0F8D2A693BD200F8E3F6 /* LocationManager.swift */ = {isa = PBXFileReference; lastKnownFileType = sourcecode.swift; path = LocationManager.swift; sourceTree = "<group>"; };
		1B6E0F8F2A69529900F8E3F6 /* ForecastWeatherData.swift */ = {isa = PBXFileReference; lastKnownFileType = sourcecode.swift; path = ForecastWeatherData.swift; sourceTree = "<group>"; };
		1B6E0F912A69581400F8E3F6 /* ForecastWeatherViewModel.swift */ = {isa = PBXFileReference; lastKnownFileType = sourcecode.swift; path = ForecastWeatherViewModel.swift; sourceTree = "<group>"; };
		1B6E0F932A69593F00F8E3F6 /* Enumerations.swift */ = {isa = PBXFileReference; lastKnownFileType = sourcecode.swift; path = Enumerations.swift; sourceTree = "<group>"; };
		1B6E0F952A696BC500F8E3F6 /* Helper.swift */ = {isa = PBXFileReference; lastKnownFileType = sourcecode.swift; path = Helper.swift; sourceTree = "<group>"; };
		1B7941D62A668323003BC0F3 /* DVT_WeatherApp.app */ = {isa = PBXFileReference; explicitFileType = wrapper.application; includeInIndex = 0; path = DVT_WeatherApp.app; sourceTree = BUILT_PRODUCTS_DIR; };
		1B7941D92A668323003BC0F3 /* AppDelegate.swift */ = {isa = PBXFileReference; lastKnownFileType = sourcecode.swift; path = AppDelegate.swift; sourceTree = "<group>"; };
		1B7941DB2A668323003BC0F3 /* SceneDelegate.swift */ = {isa = PBXFileReference; lastKnownFileType = sourcecode.swift; path = SceneDelegate.swift; sourceTree = "<group>"; };
		1B7941DD2A668323003BC0F3 /* WeatherViewController.swift */ = {isa = PBXFileReference; lastKnownFileType = sourcecode.swift; path = WeatherViewController.swift; sourceTree = "<group>"; };
		1B7941E02A668323003BC0F3 /* Base */ = {isa = PBXFileReference; lastKnownFileType = file.storyboard; name = Base; path = Base.lproj/Main.storyboard; sourceTree = "<group>"; };
		1B7941E32A668323003BC0F3 /* WeatherApp.xcdatamodel */ = {isa = PBXFileReference; lastKnownFileType = wrapper.xcdatamodel; path = WeatherApp.xcdatamodel; sourceTree = "<group>"; };
		1B7941E52A668325003BC0F3 /* Assets.xcassets */ = {isa = PBXFileReference; lastKnownFileType = folder.assetcatalog; path = Assets.xcassets; sourceTree = "<group>"; };
		1B7941E82A668325003BC0F3 /* Base */ = {isa = PBXFileReference; lastKnownFileType = file.storyboard; name = Base; path = Base.lproj/LaunchScreen.storyboard; sourceTree = "<group>"; };
		1B7941EA2A668325003BC0F3 /* Info.plist */ = {isa = PBXFileReference; lastKnownFileType = text.plist.xml; path = Info.plist; sourceTree = "<group>"; };
		1B7941EF2A668325003BC0F3 /* DVT_WeatherAppTests.xctest */ = {isa = PBXFileReference; explicitFileType = wrapper.cfbundle; includeInIndex = 0; path = DVT_WeatherAppTests.xctest; sourceTree = BUILT_PRODUCTS_DIR; };
		1B7941F32A668325003BC0F3 /* WeatherAppTests.swift */ = {isa = PBXFileReference; lastKnownFileType = sourcecode.swift; path = WeatherAppTests.swift; sourceTree = "<group>"; };
		1B7941F92A668325003BC0F3 /* DVT_WeatherAppUITests.xctest */ = {isa = PBXFileReference; explicitFileType = wrapper.cfbundle; includeInIndex = 0; path = DVT_WeatherAppUITests.xctest; sourceTree = BUILT_PRODUCTS_DIR; };
		1B7941FD2A668325003BC0F3 /* WeatherAppUITests.swift */ = {isa = PBXFileReference; lastKnownFileType = sourcecode.swift; path = WeatherAppUITests.swift; sourceTree = "<group>"; };
		1B7941FF2A668325003BC0F3 /* WeatherAppUITestsLaunchTests.swift */ = {isa = PBXFileReference; lastKnownFileType = sourcecode.swift; path = WeatherAppUITestsLaunchTests.swift; sourceTree = "<group>"; };
		1B79420C2A66914A003BC0F3 /* WeatherTablecell.swift */ = {isa = PBXFileReference; lastKnownFileType = sourcecode.swift; path = WeatherTablecell.swift; sourceTree = "<group>"; };
		1B79420D2A66914A003BC0F3 /* WeatherTablecell.xib */ = {isa = PBXFileReference; lastKnownFileType = file.xib; path = WeatherTablecell.xib; sourceTree = "<group>"; };
		1B93E1342A7019D00070F73F /* LocationWind+CoreDataClass.swift */ = {isa = PBXFileReference; lastKnownFileType = sourcecode.swift; path = "LocationWind+CoreDataClass.swift"; sourceTree = "<group>"; };
		1B93E1352A7019D00070F73F /* LocationWind+CoreDataProperties.swift */ = {isa = PBXFileReference; lastKnownFileType = sourcecode.swift; path = "LocationWind+CoreDataProperties.swift"; sourceTree = "<group>"; };
		1B93E1362A7019D00070F73F /* LocationWeather+CoreDataClass.swift */ = {isa = PBXFileReference; lastKnownFileType = sourcecode.swift; path = "LocationWeather+CoreDataClass.swift"; sourceTree = "<group>"; };
		1B93E1372A7019D00070F73F /* LocationWeather+CoreDataProperties.swift */ = {isa = PBXFileReference; lastKnownFileType = sourcecode.swift; path = "LocationWeather+CoreDataProperties.swift"; sourceTree = "<group>"; };
		1B93E1382A7019D00070F73F /* CurrentWeatherData+CoreDataClass.swift */ = {isa = PBXFileReference; lastKnownFileType = sourcecode.swift; path = "CurrentWeatherData+CoreDataClass.swift"; sourceTree = "<group>"; };
		1B93E1392A7019D00070F73F /* CurrentWeatherData+CoreDataProperties.swift */ = {isa = PBXFileReference; lastKnownFileType = sourcecode.swift; path = "CurrentWeatherData+CoreDataProperties.swift"; sourceTree = "<group>"; };
		1B93E13A2A7019D00070F73F /* LocationCoordinates+CoreDataClass.swift */ = {isa = PBXFileReference; lastKnownFileType = sourcecode.swift; path = "LocationCoordinates+CoreDataClass.swift"; sourceTree = "<group>"; };
		1B93E13B2A7019D00070F73F /* LocationCoordinates+CoreDataProperties.swift */ = {isa = PBXFileReference; lastKnownFileType = sourcecode.swift; path = "LocationCoordinates+CoreDataProperties.swift"; sourceTree = "<group>"; };
		1B93E1402A7019D00070F73F /* LocationMain+CoreDataClass.swift */ = {isa = PBXFileReference; lastKnownFileType = sourcecode.swift; path = "LocationMain+CoreDataClass.swift"; sourceTree = "<group>"; };
		1B93E1412A7019D00070F73F /* LocationMain+CoreDataProperties.swift */ = {isa = PBXFileReference; lastKnownFileType = sourcecode.swift; path = "LocationMain+CoreDataProperties.swift"; sourceTree = "<group>"; };
		1B93E1422A7019D00070F73F /* LocationSystem+CoreDataClass.swift */ = {isa = PBXFileReference; lastKnownFileType = sourcecode.swift; path = "LocationSystem+CoreDataClass.swift"; sourceTree = "<group>"; };
		1B93E1432A7019D00070F73F /* LocationSystem+CoreDataProperties.swift */ = {isa = PBXFileReference; lastKnownFileType = sourcecode.swift; path = "LocationSystem+CoreDataProperties.swift"; sourceTree = "<group>"; };
		1B93E1462A7019D00070F73F /* LocationClouds+CoreDataClass.swift */ = {isa = PBXFileReference; lastKnownFileType = sourcecode.swift; path = "LocationClouds+CoreDataClass.swift"; sourceTree = "<group>"; };
		1B93E1472A7019D00070F73F /* LocationClouds+CoreDataProperties.swift */ = {isa = PBXFileReference; lastKnownFileType = sourcecode.swift; path = "LocationClouds+CoreDataProperties.swift"; sourceTree = "<group>"; };
		1BD35CD92A70FF1900D883C4 /* ForecastedWeather+CoreDataClass.swift */ = {isa = PBXFileReference; lastKnownFileType = sourcecode.swift; path = "ForecastedWeather+CoreDataClass.swift"; sourceTree = "<group>"; };
		1BD35CDA2A70FF1900D883C4 /* ForecastedWeather+CoreDataProperties.swift */ = {isa = PBXFileReference; lastKnownFileType = sourcecode.swift; path = "ForecastedWeather+CoreDataProperties.swift"; sourceTree = "<group>"; };
/* End PBXFileReference section */

/* Begin PBXFrameworksBuildPhase section */
		1B7941D32A668323003BC0F3 /* Frameworks */ = {
			isa = PBXFrameworksBuildPhase;
			buildActionMask = 2147483647;
			files = (
			);
			runOnlyForDeploymentPostprocessing = 0;
		};
		1B7941EC2A668325003BC0F3 /* Frameworks */ = {
			isa = PBXFrameworksBuildPhase;
			buildActionMask = 2147483647;
			files = (
			);
			runOnlyForDeploymentPostprocessing = 0;
		};
		1B7941F62A668325003BC0F3 /* Frameworks */ = {
			isa = PBXFrameworksBuildPhase;
			buildActionMask = 2147483647;
			files = (
			);
			runOnlyForDeploymentPostprocessing = 0;
		};
/* End PBXFrameworksBuildPhase section */

/* Begin PBXGroup section */
		1B59D63D2A6866E0005DFECC /* Resources */ = {
			isa = PBXGroup;
			children = (
				1B7941E52A668325003BC0F3 /* Assets.xcassets */,
			);
			path = Resources;
			sourceTree = "<group>";
		};
		1B59D63E2A6866EC005DFECC /* Storyboard */ = {
			isa = PBXGroup;
			children = (
				1B7941DF2A668323003BC0F3 /* Main.storyboard */,
				1B7941E72A668325003BC0F3 /* LaunchScreen.storyboard */,
			);
			path = Storyboard;
			sourceTree = "<group>";
		};
		1B59D63F2A6866EF005DFECC /* Screens */ = {
			isa = PBXGroup;
			children = (
				1B59D64A2A68692B005DFECC /* Model */,
				1B59D6492A686928005DFECC /* View */,
				1B59D6482A686924005DFECC /* ViewModel */,
			);
			path = Screens;
			sourceTree = "<group>";
		};
		1B59D6402A6866F2005DFECC /* Helper */ = {
			isa = PBXGroup;
			children = (
				1B59D6462A68683D005DFECC /* APIManager.swift */,
				1B6E0F952A696BC500F8E3F6 /* Helper.swift */,
				1B49CE0D2A6E789200B6403D /* CoreDataManager.swift */,
				1B6DAA7A2A6FE1E4005AB5F8 /* NetworkManager.swift */,
			);
			path = Helper;
			sourceTree = "<group>";
		};
		1B59D6412A6866F5005DFECC /* Extensions */ = {
			isa = PBXGroup;
			children = (
				1B6E0F932A69593F00F8E3F6 /* Enumerations.swift */,
			);
			path = Extensions;
			sourceTree = "<group>";
		};
		1B59D6422A6866F8005DFECC /* Constants */ = {
			isa = PBXGroup;
			children = (
				1B59D6442A686798005DFECC /* Constant.swift */,
			);
			path = Constants;
			sourceTree = "<group>";
		};
		1B59D6432A6866FB005DFECC /* Application */ = {
			isa = PBXGroup;
			children = (
				1B7941D92A668323003BC0F3 /* AppDelegate.swift */,
				1B7941DB2A668323003BC0F3 /* SceneDelegate.swift */,
			);
			path = Application;
			sourceTree = "<group>";
		};
		1B59D6482A686924005DFECC /* ViewModel */ = {
			isa = PBXGroup;
			children = (
				1B6DAA7D2A6FEF3C005AB5F8 /* ForecastWeather */,
				1B6DAA7C2A6FEEDD005AB5F8 /* CurrentWeather */,
				1B59D64D2A68697E005DFECC /* CurrentWeatherViewModel.swift */,
				1B6E0F912A69581400F8E3F6 /* ForecastWeatherViewModel.swift */,
				1B6E0F8D2A693BD200F8E3F6 /* LocationManager.swift */,
			);
			path = ViewModel;
			sourceTree = "<group>";
		};
		1B59D6492A686928005DFECC /* View */ = {
			isa = PBXGroup;
			children = (
				1B7941DD2A668323003BC0F3 /* WeatherViewController.swift */,
				1B79420C2A66914A003BC0F3 /* WeatherTablecell.swift */,
				1B79420D2A66914A003BC0F3 /* WeatherTablecell.xib */,
			);
			path = View;
			sourceTree = "<group>";
		};
		1B59D64A2A68692B005DFECC /* Model */ = {
			isa = PBXGroup;
			children = (
				1B59D64B2A686953005DFECC /* WeatherData.swift */,
				1B6E0F8F2A69529900F8E3F6 /* ForecastWeatherData.swift */,
			);
			path = Model;
			sourceTree = "<group>";
		};
		1B6DAA7C2A6FEEDD005AB5F8 /* CurrentWeather */ = {
			isa = PBXGroup;
			children = (
				1B0BB1E62A704F7600F17F93 /* LocationList+CoreDataClass.swift */,
				1B0BB1E72A704F7600F17F93 /* LocationList+CoreDataProperties.swift */,
				1B93E1342A7019D00070F73F /* LocationWind+CoreDataClass.swift */,
				1B93E1352A7019D00070F73F /* LocationWind+CoreDataProperties.swift */,
				1B93E1362A7019D00070F73F /* LocationWeather+CoreDataClass.swift */,
				1B93E1372A7019D00070F73F /* LocationWeather+CoreDataProperties.swift */,
				1B93E1382A7019D00070F73F /* CurrentWeatherData+CoreDataClass.swift */,
				1B93E1392A7019D00070F73F /* CurrentWeatherData+CoreDataProperties.swift */,
				1B93E13A2A7019D00070F73F /* LocationCoordinates+CoreDataClass.swift */,
				1B93E13B2A7019D00070F73F /* LocationCoordinates+CoreDataProperties.swift */,
				1B93E1402A7019D00070F73F /* LocationMain+CoreDataClass.swift */,
				1B93E1412A7019D00070F73F /* LocationMain+CoreDataProperties.swift */,
				1B93E1422A7019D00070F73F /* LocationSystem+CoreDataClass.swift */,
				1B93E1432A7019D00070F73F /* LocationSystem+CoreDataProperties.swift */,
				1B93E1462A7019D00070F73F /* LocationClouds+CoreDataClass.swift */,
				1B93E1472A7019D00070F73F /* LocationClouds+CoreDataProperties.swift */,
			);
			path = CurrentWeather;
			sourceTree = "<group>";
		};
		1B6DAA7D2A6FEF3C005AB5F8 /* ForecastWeather */ = {
			isa = PBXGroup;
			children = (
				1BD35CD92A70FF1900D883C4 /* ForecastedWeather+CoreDataClass.swift */,
				1BD35CDA2A70FF1900D883C4 /* ForecastedWeather+CoreDataProperties.swift */,
				1B0BB1E42A704F7600F17F93 /* ForecastData+CoreDataClass.swift */,
				1B0BB1E52A704F7600F17F93 /* ForecastData+CoreDataProperties.swift */,
			);
			path = ForecastWeather;
			sourceTree = "<group>";
		};
		1B7941CD2A668323003BC0F3 = {
			isa = PBXGroup;
			children = (
				1B7941D82A668323003BC0F3 /* WeatherApp */,
				1B7941F22A668325003BC0F3 /* WeatherAppTests */,
				1B7941FC2A668325003BC0F3 /* WeatherAppUITests */,
				1B7941D72A668323003BC0F3 /* Products */,
			);
			sourceTree = "<group>";
		};
		1B7941D72A668323003BC0F3 /* Products */ = {
			isa = PBXGroup;
			children = (
				1B7941D62A668323003BC0F3 /* DVT_WeatherApp.app */,
				1B7941EF2A668325003BC0F3 /* DVT_WeatherAppTests.xctest */,
				1B7941F92A668325003BC0F3 /* DVT_WeatherAppUITests.xctest */,
			);
			name = Products;
			sourceTree = "<group>";
		};
		1B7941D82A668323003BC0F3 /* WeatherApp */ = {
			isa = PBXGroup;
			children = (
				1B59D6432A6866FB005DFECC /* Application */,
				1B59D6422A6866F8005DFECC /* Constants */,
				1B59D6412A6866F5005DFECC /* Extensions */,
				1B59D6402A6866F2005DFECC /* Helper */,
				1B59D63F2A6866EF005DFECC /* Screens */,
				1B59D63E2A6866EC005DFECC /* Storyboard */,
				1B59D63D2A6866E0005DFECC /* Resources */,
				1B7941EA2A668325003BC0F3 /* Info.plist */,
				1B7941E22A668323003BC0F3 /* WeatherApp.xcdatamodeld */,
			);
			path = WeatherApp;
			sourceTree = "<group>";
		};
		1B7941F22A668325003BC0F3 /* WeatherAppTests */ = {
			isa = PBXGroup;
			children = (
				1B7941F32A668325003BC0F3 /* WeatherAppTests.swift */,
			);
			path = WeatherAppTests;
			sourceTree = "<group>";
		};
		1B7941FC2A668325003BC0F3 /* WeatherAppUITests */ = {
			isa = PBXGroup;
			children = (
				1B7941FD2A668325003BC0F3 /* WeatherAppUITests.swift */,
				1B7941FF2A668325003BC0F3 /* WeatherAppUITestsLaunchTests.swift */,
			);
			path = WeatherAppUITests;
			sourceTree = "<group>";
		};
/* End PBXGroup section */

/* Begin PBXNativeTarget section */
		1B7941D52A668323003BC0F3 /* DVT_WeatherApp */ = {
			isa = PBXNativeTarget;
			buildConfigurationList = 1B7942032A668325003BC0F3 /* Build configuration list for PBXNativeTarget "DVT_WeatherApp" */;
			buildPhases = (
				1B7941D22A668323003BC0F3 /* Sources */,
				1B7941D32A668323003BC0F3 /* Frameworks */,
				1B7941D42A668323003BC0F3 /* Resources */,
			);
			buildRules = (
			);
			dependencies = (
			);
			name = DVT_WeatherApp;
			packageProductDependencies = (
			);
			productName = WeatherApp;
			productReference = 1B7941D62A668323003BC0F3 /* DVT_WeatherApp.app */;
			productType = "com.apple.product-type.application";
		};
		1B7941EE2A668325003BC0F3 /* DVT_WeatherAppTests */ = {
			isa = PBXNativeTarget;
			buildConfigurationList = 1B7942062A668325003BC0F3 /* Build configuration list for PBXNativeTarget "DVT_WeatherAppTests" */;
			buildPhases = (
				1B7941EB2A668325003BC0F3 /* Sources */,
				1B7941EC2A668325003BC0F3 /* Frameworks */,
				1B7941ED2A668325003BC0F3 /* Resources */,
			);
			buildRules = (
			);
			dependencies = (
				1B7941F12A668325003BC0F3 /* PBXTargetDependency */,
			);
			name = DVT_WeatherAppTests;
			productName = WeatherAppTests;
			productReference = 1B7941EF2A668325003BC0F3 /* DVT_WeatherAppTests.xctest */;
			productType = "com.apple.product-type.bundle.unit-test";
		};
		1B7941F82A668325003BC0F3 /* DVT_WeatherAppUITests */ = {
			isa = PBXNativeTarget;
			buildConfigurationList = 1B7942092A668325003BC0F3 /* Build configuration list for PBXNativeTarget "DVT_WeatherAppUITests" */;
			buildPhases = (
				1B7941F52A668325003BC0F3 /* Sources */,
				1B7941F62A668325003BC0F3 /* Frameworks */,
				1B7941F72A668325003BC0F3 /* Resources */,
			);
			buildRules = (
			);
			dependencies = (
				1B7941FB2A668325003BC0F3 /* PBXTargetDependency */,
			);
			name = DVT_WeatherAppUITests;
			productName = WeatherAppUITests;
			productReference = 1B7941F92A668325003BC0F3 /* DVT_WeatherAppUITests.xctest */;
			productType = "com.apple.product-type.bundle.ui-testing";
		};
/* End PBXNativeTarget section */

/* Begin PBXProject section */
		1B7941CE2A668323003BC0F3 /* Project object */ = {
			isa = PBXProject;
			attributes = {
				BuildIndependentTargetsInParallel = 1;
				LastSwiftUpdateCheck = 1430;
				LastUpgradeCheck = 1430;
				TargetAttributes = {
					1B7941D52A668323003BC0F3 = {
						CreatedOnToolsVersion = 14.3.1;
					};
					1B7941EE2A668325003BC0F3 = {
						CreatedOnToolsVersion = 14.3.1;
						TestTargetID = 1B7941D52A668323003BC0F3;
					};
					1B7941F82A668325003BC0F3 = {
						CreatedOnToolsVersion = 14.3.1;
						TestTargetID = 1B7941D52A668323003BC0F3;
					};
				};
			};
			buildConfigurationList = 1B7941D12A668323003BC0F3 /* Build configuration list for PBXProject "DVT_WeatherApp" */;
			compatibilityVersion = "Xcode 14.0";
			developmentRegion = en;
			hasScannedForEncodings = 0;
			knownRegions = (
				en,
				Base,
			);
			mainGroup = 1B7941CD2A668323003BC0F3;
			packageReferences = (
			);
			productRefGroup = 1B7941D72A668323003BC0F3 /* Products */;
			projectDirPath = "";
			projectRoot = "";
			targets = (
				1B7941D52A668323003BC0F3 /* DVT_WeatherApp */,
				1B7941EE2A668325003BC0F3 /* DVT_WeatherAppTests */,
				1B7941F82A668325003BC0F3 /* DVT_WeatherAppUITests */,
			);
		};
/* End PBXProject section */

/* Begin PBXResourcesBuildPhase section */
		1B7941D42A668323003BC0F3 /* Resources */ = {
			isa = PBXResourcesBuildPhase;
			buildActionMask = 2147483647;
			files = (
				1B7941E92A668325003BC0F3 /* LaunchScreen.storyboard in Resources */,
				1B79420F2A66914A003BC0F3 /* WeatherTablecell.xib in Resources */,
				1B7941E62A668325003BC0F3 /* Assets.xcassets in Resources */,
				1B7941E12A668323003BC0F3 /* Main.storyboard in Resources */,
			);
			runOnlyForDeploymentPostprocessing = 0;
		};
		1B7941ED2A668325003BC0F3 /* Resources */ = {
			isa = PBXResourcesBuildPhase;
			buildActionMask = 2147483647;
			files = (
			);
			runOnlyForDeploymentPostprocessing = 0;
		};
		1B7941F72A668325003BC0F3 /* Resources */ = {
			isa = PBXResourcesBuildPhase;
			buildActionMask = 2147483647;
			files = (
			);
			runOnlyForDeploymentPostprocessing = 0;
		};
/* End PBXResourcesBuildPhase section */

/* Begin PBXSourcesBuildPhase section */
		1B7941D22A668323003BC0F3 /* Sources */ = {
			isa = PBXSourcesBuildPhase;
			buildActionMask = 2147483647;
			files = (
				1B93E15A2A7019D00070F73F /* LocationClouds+CoreDataClass.swift in Sources */,
				1B79420E2A66914A003BC0F3 /* WeatherTablecell.swift in Sources */,
				1B93E14C2A7019D00070F73F /* CurrentWeatherData+CoreDataClass.swift in Sources */,
				1B6E0F962A696BC500F8E3F6 /* Helper.swift in Sources */,
				1B93E1492A7019D00070F73F /* LocationWind+CoreDataProperties.swift in Sources */,
				1B7941E42A668323003BC0F3 /* WeatherApp.xcdatamodeld in Sources */,
				1B6E0F8E2A693BD200F8E3F6 /* LocationManager.swift in Sources */,
				1B93E14E2A7019D00070F73F /* LocationCoordinates+CoreDataClass.swift in Sources */,
				1B6E0F902A69529900F8E3F6 /* ForecastWeatherData.swift in Sources */,
				1B93E1562A7019D00070F73F /* LocationSystem+CoreDataClass.swift in Sources */,
				1B6E0F922A69581400F8E3F6 /* ForecastWeatherViewModel.swift in Sources */,
				1BD35CDB2A70FF1900D883C4 /* ForecastedWeather+CoreDataClass.swift in Sources */,
				1B93E14A2A7019D00070F73F /* LocationWeather+CoreDataClass.swift in Sources */,
				1B0BB1EB2A704F7600F17F93 /* ForecastData+CoreDataProperties.swift in Sources */,
				1B6DAA7B2A6FE1E4005AB5F8 /* NetworkManager.swift in Sources */,
				1B93E14D2A7019D00070F73F /* CurrentWeatherData+CoreDataProperties.swift in Sources */,
				1B59D64E2A68697E005DFECC /* CurrentWeatherViewModel.swift in Sources */,
				1B93E1542A7019D00070F73F /* LocationMain+CoreDataClass.swift in Sources */,
				1B7941DE2A668323003BC0F3 /* WeatherViewController.swift in Sources */,
				1B93E14B2A7019D00070F73F /* LocationWeather+CoreDataProperties.swift in Sources */,
				1B7941DA2A668323003BC0F3 /* AppDelegate.swift in Sources */,
				1B0BB1ED2A704F7600F17F93 /* LocationList+CoreDataProperties.swift in Sources */,
				1B93E1482A7019D00070F73F /* LocationWind+CoreDataClass.swift in Sources */,
				1B93E1552A7019D00070F73F /* LocationMain+CoreDataProperties.swift in Sources */,
				1B7941DC2A668323003BC0F3 /* SceneDelegate.swift in Sources */,
				1B0BB1EA2A704F7600F17F93 /* ForecastData+CoreDataClass.swift in Sources */,
				1B59D6452A686798005DFECC /* Constant.swift in Sources */,
				1B59D64C2A686953005DFECC /* WeatherData.swift in Sources */,
				1B6E0F942A69593F00F8E3F6 /* Enumerations.swift in Sources */,
				1B93E15B2A7019D00070F73F /* LocationClouds+CoreDataProperties.swift in Sources */,
				1B49CE0E2A6E789200B6403D /* CoreDataManager.swift in Sources */,
				1B93E1572A7019D00070F73F /* LocationSystem+CoreDataProperties.swift in Sources */,
				1BD35CDC2A70FF1900D883C4 /* ForecastedWeather+CoreDataProperties.swift in Sources */,
				1B93E14F2A7019D00070F73F /* LocationCoordinates+CoreDataProperties.swift in Sources */,
				1B0BB1EC2A704F7600F17F93 /* LocationList+CoreDataClass.swift in Sources */,
				1B59D6472A68683D005DFECC /* APIManager.swift in Sources */,
			);
			runOnlyForDeploymentPostprocessing = 0;
		};
		1B7941EB2A668325003BC0F3 /* Sources */ = {
			isa = PBXSourcesBuildPhase;
			buildActionMask = 2147483647;
			files = (
				1B7941F42A668325003BC0F3 /* WeatherAppTests.swift in Sources */,
			);
			runOnlyForDeploymentPostprocessing = 0;
		};
		1B7941F52A668325003BC0F3 /* Sources */ = {
			isa = PBXSourcesBuildPhase;
			buildActionMask = 2147483647;
			files = (
				1B7941FE2A668325003BC0F3 /* WeatherAppUITests.swift in Sources */,
				1B7942002A668325003BC0F3 /* WeatherAppUITestsLaunchTests.swift in Sources */,
			);
			runOnlyForDeploymentPostprocessing = 0;
		};
/* End PBXSourcesBuildPhase section */

/* Begin PBXTargetDependency section */
		1B7941F12A668325003BC0F3 /* PBXTargetDependency */ = {
			isa = PBXTargetDependency;
			target = 1B7941D52A668323003BC0F3 /* DVT_WeatherApp */;
			targetProxy = 1B7941F02A668325003BC0F3 /* PBXContainerItemProxy */;
		};
		1B7941FB2A668325003BC0F3 /* PBXTargetDependency */ = {
			isa = PBXTargetDependency;
			target = 1B7941D52A668323003BC0F3 /* DVT_WeatherApp */;
			targetProxy = 1B7941FA2A668325003BC0F3 /* PBXContainerItemProxy */;
		};
/* End PBXTargetDependency section */

/* Begin PBXVariantGroup section */
		1B7941DF2A668323003BC0F3 /* Main.storyboard */ = {
			isa = PBXVariantGroup;
			children = (
				1B7941E02A668323003BC0F3 /* Base */,
			);
			name = Main.storyboard;
			sourceTree = "<group>";
		};
		1B7941E72A668325003BC0F3 /* LaunchScreen.storyboard */ = {
			isa = PBXVariantGroup;
			children = (
				1B7941E82A668325003BC0F3 /* Base */,
			);
			name = LaunchScreen.storyboard;
			sourceTree = "<group>";
		};
/* End PBXVariantGroup section */

/* Begin XCBuildConfiguration section */
		1B7942012A668325003BC0F3 /* Debug */ = {
			isa = XCBuildConfiguration;
			buildSettings = {
				ALWAYS_SEARCH_USER_PATHS = NO;
				CLANG_ANALYZER_NONNULL = YES;
				CLANG_ANALYZER_NUMBER_OBJECT_CONVERSION = YES_AGGRESSIVE;
				CLANG_CXX_LANGUAGE_STANDARD = "gnu++20";
				CLANG_ENABLE_MODULES = YES;
				CLANG_ENABLE_OBJC_ARC = YES;
				CLANG_ENABLE_OBJC_WEAK = YES;
				CLANG_WARN_BLOCK_CAPTURE_AUTORELEASING = YES;
				CLANG_WARN_BOOL_CONVERSION = YES;
				CLANG_WARN_COMMA = YES;
				CLANG_WARN_CONSTANT_CONVERSION = YES;
				CLANG_WARN_DEPRECATED_OBJC_IMPLEMENTATIONS = YES;
				CLANG_WARN_DIRECT_OBJC_ISA_USAGE = YES_ERROR;
				CLANG_WARN_DOCUMENTATION_COMMENTS = YES;
				CLANG_WARN_EMPTY_BODY = YES;
				CLANG_WARN_ENUM_CONVERSION = YES;
				CLANG_WARN_INFINITE_RECURSION = YES;
				CLANG_WARN_INT_CONVERSION = YES;
				CLANG_WARN_NON_LITERAL_NULL_CONVERSION = YES;
				CLANG_WARN_OBJC_IMPLICIT_RETAIN_SELF = YES;
				CLANG_WARN_OBJC_LITERAL_CONVERSION = YES;
				CLANG_WARN_OBJC_ROOT_CLASS = YES_ERROR;
				CLANG_WARN_QUOTED_INCLUDE_IN_FRAMEWORK_HEADER = YES;
				CLANG_WARN_RANGE_LOOP_ANALYSIS = YES;
				CLANG_WARN_STRICT_PROTOTYPES = YES;
				CLANG_WARN_SUSPICIOUS_MOVE = YES;
				CLANG_WARN_UNGUARDED_AVAILABILITY = YES_AGGRESSIVE;
				CLANG_WARN_UNREACHABLE_CODE = YES;
				CLANG_WARN__DUPLICATE_METHOD_MATCH = YES;
				COPY_PHASE_STRIP = NO;
				DEBUG_INFORMATION_FORMAT = dwarf;
				ENABLE_STRICT_OBJC_MSGSEND = YES;
				ENABLE_TESTABILITY = YES;
				GCC_C_LANGUAGE_STANDARD = gnu11;
				GCC_DYNAMIC_NO_PIC = NO;
				GCC_NO_COMMON_BLOCKS = YES;
				GCC_OPTIMIZATION_LEVEL = 0;
				GCC_PREPROCESSOR_DEFINITIONS = (
					"DEBUG=1",
					"$(inherited)",
				);
				GCC_WARN_64_TO_32_BIT_CONVERSION = YES;
				GCC_WARN_ABOUT_RETURN_TYPE = YES_ERROR;
				GCC_WARN_UNDECLARED_SELECTOR = YES;
				GCC_WARN_UNINITIALIZED_AUTOS = YES_AGGRESSIVE;
				GCC_WARN_UNUSED_FUNCTION = YES;
				GCC_WARN_UNUSED_VARIABLE = YES;
				IPHONEOS_DEPLOYMENT_TARGET = 15.0;
				MTL_ENABLE_DEBUG_INFO = INCLUDE_SOURCE;
				MTL_FAST_MATH = YES;
				ONLY_ACTIVE_ARCH = YES;
				SDKROOT = iphoneos;
				SWIFT_ACTIVE_COMPILATION_CONDITIONS = DEBUG;
				SWIFT_OPTIMIZATION_LEVEL = "-Onone";
				SWIFT_VERSION = 5.0;
			};
			name = Debug;
		};
		1B7942022A668325003BC0F3 /* Release */ = {
			isa = XCBuildConfiguration;
			buildSettings = {
				ALWAYS_SEARCH_USER_PATHS = NO;
				CLANG_ANALYZER_NONNULL = YES;
				CLANG_ANALYZER_NUMBER_OBJECT_CONVERSION = YES_AGGRESSIVE;
				CLANG_CXX_LANGUAGE_STANDARD = "gnu++20";
				CLANG_ENABLE_MODULES = YES;
				CLANG_ENABLE_OBJC_ARC = YES;
				CLANG_ENABLE_OBJC_WEAK = YES;
				CLANG_WARN_BLOCK_CAPTURE_AUTORELEASING = YES;
				CLANG_WARN_BOOL_CONVERSION = YES;
				CLANG_WARN_COMMA = YES;
				CLANG_WARN_CONSTANT_CONVERSION = YES;
				CLANG_WARN_DEPRECATED_OBJC_IMPLEMENTATIONS = YES;
				CLANG_WARN_DIRECT_OBJC_ISA_USAGE = YES_ERROR;
				CLANG_WARN_DOCUMENTATION_COMMENTS = YES;
				CLANG_WARN_EMPTY_BODY = YES;
				CLANG_WARN_ENUM_CONVERSION = YES;
				CLANG_WARN_INFINITE_RECURSION = YES;
				CLANG_WARN_INT_CONVERSION = YES;
				CLANG_WARN_NON_LITERAL_NULL_CONVERSION = YES;
				CLANG_WARN_OBJC_IMPLICIT_RETAIN_SELF = YES;
				CLANG_WARN_OBJC_LITERAL_CONVERSION = YES;
				CLANG_WARN_OBJC_ROOT_CLASS = YES_ERROR;
				CLANG_WARN_QUOTED_INCLUDE_IN_FRAMEWORK_HEADER = YES;
				CLANG_WARN_RANGE_LOOP_ANALYSIS = YES;
				CLANG_WARN_STRICT_PROTOTYPES = YES;
				CLANG_WARN_SUSPICIOUS_MOVE = YES;
				CLANG_WARN_UNGUARDED_AVAILABILITY = YES_AGGRESSIVE;
				CLANG_WARN_UNREACHABLE_CODE = YES;
				CLANG_WARN__DUPLICATE_METHOD_MATCH = YES;
				COPY_PHASE_STRIP = NO;
				DEBUG_INFORMATION_FORMAT = "dwarf-with-dsym";
				ENABLE_NS_ASSERTIONS = NO;
				ENABLE_STRICT_OBJC_MSGSEND = YES;
				GCC_C_LANGUAGE_STANDARD = gnu11;
				GCC_NO_COMMON_BLOCKS = YES;
				GCC_WARN_64_TO_32_BIT_CONVERSION = YES;
				GCC_WARN_ABOUT_RETURN_TYPE = YES_ERROR;
				GCC_WARN_UNDECLARED_SELECTOR = YES;
				GCC_WARN_UNINITIALIZED_AUTOS = YES_AGGRESSIVE;
				GCC_WARN_UNUSED_FUNCTION = YES;
				GCC_WARN_UNUSED_VARIABLE = YES;
				IPHONEOS_DEPLOYMENT_TARGET = 15.0;
				MTL_ENABLE_DEBUG_INFO = NO;
				MTL_FAST_MATH = YES;
				SDKROOT = iphoneos;
				SWIFT_COMPILATION_MODE = wholemodule;
				SWIFT_OPTIMIZATION_LEVEL = "-O";
				SWIFT_VERSION = 5.0;
				VALIDATE_PRODUCT = YES;
			};
			name = Release;
		};
		1B7942042A668325003BC0F3 /* Debug */ = {
			isa = XCBuildConfiguration;
			buildSettings = {
				ASSETCATALOG_COMPILER_APPICON_NAME = AppIcon;
				ASSETCATALOG_COMPILER_GLOBAL_ACCENT_COLOR_NAME = AccentColor;
				CODE_SIGN_IDENTITY = "Apple Development";
				CODE_SIGN_STYLE = Automatic;
				CURRENT_PROJECT_VERSION = 1;
				DEVELOPMENT_TEAM = NUS4Q3BL94;
				GENERATE_INFOPLIST_FILE = YES;
				INFOPLIST_FILE = WeatherApp/Info.plist;
				INFOPLIST_KEY_UIApplicationSupportsIndirectInputEvents = YES;
				INFOPLIST_KEY_UILaunchStoryboardName = LaunchScreen;
				INFOPLIST_KEY_UIMainStoryboardFile = Main;
				INFOPLIST_KEY_UISupportedInterfaceOrientations = UIInterfaceOrientationPortrait;
				IPHONEOS_DEPLOYMENT_TARGET = 15.6;
				LD_RUNPATH_SEARCH_PATHS = (
					"$(inherited)",
					"@executable_path/Frameworks",
				);
				MARKETING_VERSION = 1.0;
				PRODUCT_BUNDLE_IDENTIFIER = com.maniyechuri.WeatherApp;
				PRODUCT_NAME = "$(TARGET_NAME)";
				PROVISIONING_PROFILE_SPECIFIER = "";
				SWIFT_EMIT_LOC_STRINGS = YES;
				SWIFT_VERSION = 5.0;
				TARGETED_DEVICE_FAMILY = "1,2";
			};
			name = Debug;
		};
		1B7942052A668325003BC0F3 /* Release */ = {
			isa = XCBuildConfiguration;
			buildSettings = {
				ASSETCATALOG_COMPILER_APPICON_NAME = AppIcon;
				ASSETCATALOG_COMPILER_GLOBAL_ACCENT_COLOR_NAME = AccentColor;
				CODE_SIGN_IDENTITY = "Apple Development";
				CODE_SIGN_STYLE = Automatic;
				CURRENT_PROJECT_VERSION = 1;
				DEVELOPMENT_TEAM = NUS4Q3BL94;
				GENERATE_INFOPLIST_FILE = YES;
				INFOPLIST_FILE = WeatherApp/Info.plist;
				INFOPLIST_KEY_UIApplicationSupportsIndirectInputEvents = YES;
				INFOPLIST_KEY_UILaunchStoryboardName = LaunchScreen;
				INFOPLIST_KEY_UIMainStoryboardFile = Main;
				INFOPLIST_KEY_UISupportedInterfaceOrientations = UIInterfaceOrientationPortrait;
				IPHONEOS_DEPLOYMENT_TARGET = 15.6;
				LD_RUNPATH_SEARCH_PATHS = (
					"$(inherited)",
					"@executable_path/Frameworks",
				);
				MARKETING_VERSION = 1.0;
				PRODUCT_BUNDLE_IDENTIFIER = com.maniyechuri.WeatherApp;
				PRODUCT_NAME = "$(TARGET_NAME)";
				PROVISIONING_PROFILE_SPECIFIER = "";
				SWIFT_EMIT_LOC_STRINGS = YES;
				SWIFT_VERSION = 5.0;
				TARGETED_DEVICE_FAMILY = "1,2";
			};
			name = Release;
		};
		1B7942072A668325003BC0F3 /* Debug */ = {
			isa = XCBuildConfiguration;
			buildSettings = {
				ALWAYS_EMBED_SWIFT_STANDARD_LIBRARIES = YES;
				BUNDLE_LOADER = "$(TEST_HOST)";
				CODE_SIGN_STYLE = Automatic;
				CURRENT_PROJECT_VERSION = 1;
				GENERATE_INFOPLIST_FILE = YES;
				IPHONEOS_DEPLOYMENT_TARGET = 16.4;
				MARKETING_VERSION = 1.0;
				PRODUCT_BUNDLE_IDENTIFIER = com.maniyechuri.WeatherAppTests;
				PRODUCT_NAME = "$(TARGET_NAME)";
				SWIFT_EMIT_LOC_STRINGS = NO;
				SWIFT_VERSION = 5.0;
				TARGETED_DEVICE_FAMILY = "1,2";
				TEST_HOST = "$(BUILT_PRODUCTS_DIR)/DVT_WeatherApp.app/$(BUNDLE_EXECUTABLE_FOLDER_PATH)/DVT_WeatherApp";
			};
			name = Debug;
		};
		1B7942082A668325003BC0F3 /* Release */ = {
			isa = XCBuildConfiguration;
			buildSettings = {
				ALWAYS_EMBED_SWIFT_STANDARD_LIBRARIES = YES;
				BUNDLE_LOADER = "$(TEST_HOST)";
				CODE_SIGN_STYLE = Automatic;
				CURRENT_PROJECT_VERSION = 1;
				GENERATE_INFOPLIST_FILE = YES;
				IPHONEOS_DEPLOYMENT_TARGET = 16.4;
				MARKETING_VERSION = 1.0;
				PRODUCT_BUNDLE_IDENTIFIER = com.maniyechuri.WeatherAppTests;
				PRODUCT_NAME = "$(TARGET_NAME)";
				SWIFT_EMIT_LOC_STRINGS = NO;
				SWIFT_VERSION = 5.0;
				TARGETED_DEVICE_FAMILY = "1,2";
				TEST_HOST = "$(BUILT_PRODUCTS_DIR)/DVT_WeatherApp.app/$(BUNDLE_EXECUTABLE_FOLDER_PATH)/DVT_WeatherApp";
			};
			name = Release;
		};
		1B79420A2A668325003BC0F3 /* Debug */ = {
			isa = XCBuildConfiguration;
			buildSettings = {
				ALWAYS_EMBED_SWIFT_STANDARD_LIBRARIES = YES;
				CODE_SIGN_STYLE = Automatic;
				CURRENT_PROJECT_VERSION = 1;
				GENERATE_INFOPLIST_FILE = YES;
				MARKETING_VERSION = 1.0;
				PRODUCT_BUNDLE_IDENTIFIER = com.maniyechuri.WeatherAppUITests;
				PRODUCT_NAME = "$(TARGET_NAME)";
				SWIFT_EMIT_LOC_STRINGS = NO;
				SWIFT_VERSION = 5.0;
				TARGETED_DEVICE_FAMILY = "1,2";
				TEST_TARGET_NAME = WeatherApp;
			};
			name = Debug;
		};
		1B79420B2A668325003BC0F3 /* Release */ = {
			isa = XCBuildConfiguration;
			buildSettings = {
				ALWAYS_EMBED_SWIFT_STANDARD_LIBRARIES = YES;
				CODE_SIGN_STYLE = Automatic;
				CURRENT_PROJECT_VERSION = 1;
				GENERATE_INFOPLIST_FILE = YES;
				MARKETING_VERSION = 1.0;
				PRODUCT_BUNDLE_IDENTIFIER = com.maniyechuri.WeatherAppUITests;
				PRODUCT_NAME = "$(TARGET_NAME)";
				SWIFT_EMIT_LOC_STRINGS = NO;
				SWIFT_VERSION = 5.0;
				TARGETED_DEVICE_FAMILY = "1,2";
				TEST_TARGET_NAME = WeatherApp;
			};
			name = Release;
		};
/* End XCBuildConfiguration section */

/* Begin XCConfigurationList section */
		1B7941D12A668323003BC0F3 /* Build configuration list for PBXProject "DVT_WeatherApp" */ = {
			isa = XCConfigurationList;
			buildConfigurations = (
				1B7942012A668325003BC0F3 /* Debug */,
				1B7942022A668325003BC0F3 /* Release */,
			);
			defaultConfigurationIsVisible = 0;
			defaultConfigurationName = Release;
		};
		1B7942032A668325003BC0F3 /* Build configuration list for PBXNativeTarget "DVT_WeatherApp" */ = {
			isa = XCConfigurationList;
			buildConfigurations = (
				1B7942042A668325003BC0F3 /* Debug */,
				1B7942052A668325003BC0F3 /* Release */,
			);
			defaultConfigurationIsVisible = 0;
			defaultConfigurationName = Release;
		};
		1B7942062A668325003BC0F3 /* Build configuration list for PBXNativeTarget "DVT_WeatherAppTests" */ = {
			isa = XCConfigurationList;
			buildConfigurations = (
				1B7942072A668325003BC0F3 /* Debug */,
				1B7942082A668325003BC0F3 /* Release */,
			);
			defaultConfigurationIsVisible = 0;
			defaultConfigurationName = Release;
		};
		1B7942092A668325003BC0F3 /* Build configuration list for PBXNativeTarget "DVT_WeatherAppUITests" */ = {
			isa = XCConfigurationList;
			buildConfigurations = (
				1B79420A2A668325003BC0F3 /* Debug */,
				1B79420B2A668325003BC0F3 /* Release */,
			);
			defaultConfigurationIsVisible = 0;
			defaultConfigurationName = Release;
		};
/* End XCConfigurationList section */

/* Begin XCVersionGroup section */
		1B7941E22A668323003BC0F3 /* WeatherApp.xcdatamodeld */ = {
			isa = XCVersionGroup;
			children = (
				1B7941E32A668323003BC0F3 /* WeatherApp.xcdatamodel */,
			);
			currentVersion = 1B7941E32A668323003BC0F3 /* WeatherApp.xcdatamodel */;
			path = WeatherApp.xcdatamodeld;
			sourceTree = "<group>";
			versionGroupType = wrapper.xcdatamodel;
		};
/* End XCVersionGroup section */
	};
	rootObject = 1B7941CE2A668323003BC0F3 /* Project object */;
}
